// !$*UTF8*$!
{
	archiveVersion = 1;
	classes = {
	};
	objectVersion = 46;
	objects = {

/* Begin PBXBuildFile section */
		267DAF251BEAD6BC00134C07 /* AppKit.framework in Frameworks */ = {isa = PBXBuildFile; fileRef = 267DAF241BEAD6BC00134C07 /* AppKit.framework */; };
		267DAF271BEAD6BC00134C07 /* Foundation.framework in Frameworks */ = {isa = PBXBuildFile; fileRef = 267DAF261BEAD6BC00134C07 /* Foundation.framework */; };
		267DAF2B1BEAD6BC00134C07 /* IBUnfuck.xcscheme in Resources */ = {isa = PBXBuildFile; fileRef = 267DAF2A1BEAD6BC00134C07 /* IBUnfuck.xcscheme */; };
		267DAF2E1BEAD6BC00134C07 /* IBUnfuck.m in Sources */ = {isa = PBXBuildFile; fileRef = 267DAF2D1BEAD6BC00134C07 /* IBUnfuck.m */; };
		267DAF3A1BEAD79500134C07 /* JRSwizzle.m in Sources */ = {isa = PBXBuildFile; fileRef = 267DAF391BEAD79500134C07 /* JRSwizzle.m */; };
		267DAF3D1BEAD82100134C07 /* IBDocumentArchiver+IBUnfuck.m in Sources */ = {isa = PBXBuildFile; fileRef = 267DAF3C1BEAD82100134C07 /* IBDocumentArchiver+IBUnfuck.m */; };
		26EE05751BEAE2F80020A021 /* IDEKit.framework in Frameworks */ = {isa = PBXBuildFile; fileRef = 26EE05741BEAE2F80020A021 /* IDEKit.framework */; };
		26EE05771BEAE3BA0020A021 /* IDEFoundation.framework in Frameworks */ = {isa = PBXBuildFile; fileRef = 26EE05761BEAE3BA0020A021 /* IDEFoundation.framework */; };
		26EE05791BEAE3C00020A021 /* DVTKit.framework in Frameworks */ = {isa = PBXBuildFile; fileRef = 26EE05781BEAE3C00020A021 /* DVTKit.framework */; };
/* End PBXBuildFile section */

/* Begin PBXFileReference section */
		267DAF211BEAD6BC00134C07 /* IBUnfuck.xcplugin */ = {isa = PBXFileReference; explicitFileType = wrapper.cfbundle; includeInIndex = 0; path = IBUnfuck.xcplugin; sourceTree = BUILT_PRODUCTS_DIR; };
		267DAF241BEAD6BC00134C07 /* AppKit.framework */ = {isa = PBXFileReference; lastKnownFileType = wrapper.framework; name = AppKit.framework; path = /System/Library/Frameworks/AppKit.framework; sourceTree = "<absolute>"; };
		267DAF261BEAD6BC00134C07 /* Foundation.framework */ = {isa = PBXFileReference; lastKnownFileType = wrapper.framework; name = Foundation.framework; path = /System/Library/Frameworks/Foundation.framework; sourceTree = "<absolute>"; };
		267DAF2A1BEAD6BC00134C07 /* IBUnfuck.xcscheme */ = {isa = PBXFileReference; lastKnownFileType = text.xml; name = IBUnfuck.xcscheme; path = IBUnfuck.xcodeproj/xcshareddata/xcschemes/IBUnfuck.xcscheme; sourceTree = SOURCE_ROOT; };
		267DAF2C1BEAD6BC00134C07 /* IBUnfuck.h */ = {isa = PBXFileReference; lastKnownFileType = sourcecode.c.h; path = IBUnfuck.h; sourceTree = "<group>"; };
		267DAF2D1BEAD6BC00134C07 /* IBUnfuck.m */ = {isa = PBXFileReference; lastKnownFileType = sourcecode.c.objc; path = IBUnfuck.m; sourceTree = "<group>"; };
		267DAF321BEAD6BC00134C07 /* Info.plist */ = {isa = PBXFileReference; lastKnownFileType = text.plist.xml; path = Info.plist; sourceTree = "<group>"; };
		267DAF381BEAD79500134C07 /* JRSwizzle.h */ = {isa = PBXFileReference; fileEncoding = 4; lastKnownFileType = sourcecode.c.h; path = JRSwizzle.h; sourceTree = "<group>"; };
		267DAF391BEAD79500134C07 /* JRSwizzle.m */ = {isa = PBXFileReference; fileEncoding = 4; lastKnownFileType = sourcecode.c.objc; path = JRSwizzle.m; sourceTree = "<group>"; };
		267DAF3B1BEAD82100134C07 /* IBDocumentArchiver+IBUnfuck.h */ = {isa = PBXFileReference; fileEncoding = 4; lastKnownFileType = sourcecode.c.h; path = "IBDocumentArchiver+IBUnfuck.h"; sourceTree = "<group>"; };
		267DAF3C1BEAD82100134C07 /* IBDocumentArchiver+IBUnfuck.m */ = {isa = PBXFileReference; fileEncoding = 4; lastKnownFileType = sourcecode.c.objc; path = "IBDocumentArchiver+IBUnfuck.m"; sourceTree = "<group>"; };
		26EE05741BEAE2F80020A021 /* IDEKit.framework */ = {isa = PBXFileReference; lastKnownFileType = wrapper.framework; name = IDEKit.framework; path = ../../../Applications/Xcode.app/Contents/Frameworks/IDEKit.framework; sourceTree = "<group>"; };
		26EE05761BEAE3BA0020A021 /* IDEFoundation.framework */ = {isa = PBXFileReference; lastKnownFileType = wrapper.framework; name = IDEFoundation.framework; path = ../../../Applications/Xcode.app/Contents/Frameworks/IDEFoundation.framework; sourceTree = "<group>"; };
		26EE05781BEAE3C00020A021 /* DVTKit.framework */ = {isa = PBXFileReference; lastKnownFileType = wrapper.framework; name = DVTKit.framework; path = ../../../Applications/Xcode.app/Contents/SharedFrameworks/DVTKit.framework; sourceTree = "<group>"; };
/* End PBXFileReference section */

/* Begin PBXFrameworksBuildPhase section */
		267DAF1F1BEAD6BC00134C07 /* Frameworks */ = {
			isa = PBXFrameworksBuildPhase;
			buildActionMask = 2147483647;
			files = (
				26EE05771BEAE3BA0020A021 /* IDEFoundation.framework in Frameworks */,
				267DAF251BEAD6BC00134C07 /* AppKit.framework in Frameworks */,
				26EE05791BEAE3C00020A021 /* DVTKit.framework in Frameworks */,
				26EE05751BEAE2F80020A021 /* IDEKit.framework in Frameworks */,
				267DAF271BEAD6BC00134C07 /* Foundation.framework in Frameworks */,
			);
			runOnlyForDeploymentPostprocessing = 0;
		};
/* End PBXFrameworksBuildPhase section */

/* Begin PBXGroup section */
		267DAF181BEAD6BC00134C07 = {
			isa = PBXGroup;
			children = (
				267DAF281BEAD6BC00134C07 /* IBUnfuck */,
				267DAF231BEAD6BC00134C07 /* Frameworks */,
				267DAF221BEAD6BC00134C07 /* Products */,
			);
			sourceTree = "<group>";
		};
		267DAF221BEAD6BC00134C07 /* Products */ = {
			isa = PBXGroup;
			children = (
				267DAF211BEAD6BC00134C07 /* IBUnfuck.xcplugin */,
			);
			name = Products;
			sourceTree = "<group>";
		};
		267DAF231BEAD6BC00134C07 /* Frameworks */ = {
			isa = PBXGroup;
			children = (
				26EE05781BEAE3C00020A021 /* DVTKit.framework */,
				26EE05761BEAE3BA0020A021 /* IDEFoundation.framework */,
				26EE05741BEAE2F80020A021 /* IDEKit.framework */,
				267DAF241BEAD6BC00134C07 /* AppKit.framework */,
				267DAF261BEAD6BC00134C07 /* Foundation.framework */,
			);
			name = Frameworks;
			sourceTree = "<group>";
		};
		267DAF281BEAD6BC00134C07 /* IBUnfuck */ = {
			isa = PBXGroup;
			children = (
				267DAF2C1BEAD6BC00134C07 /* IBUnfuck.h */,
				267DAF2D1BEAD6BC00134C07 /* IBUnfuck.m */,
				267DAF3B1BEAD82100134C07 /* IBDocumentArchiver+IBUnfuck.h */,
				267DAF3C1BEAD82100134C07 /* IBDocumentArchiver+IBUnfuck.m */,
				267DAF291BEAD6BC00134C07 /* Supporting Files */,
			);
			name = IBUnfuck;
			path = IBUnfuck/Classes;
			sourceTree = "<group>";
		};
		267DAF291BEAD6BC00134C07 /* Supporting Files */ = {
			isa = PBXGroup;
			children = (
				267DAF381BEAD79500134C07 /* JRSwizzle.h */,
				267DAF391BEAD79500134C07 /* JRSwizzle.m */,
				267DAF321BEAD6BC00134C07 /* Info.plist */,
				267DAF2A1BEAD6BC00134C07 /* IBUnfuck.xcscheme */,
			);
			name = "Supporting Files";
			path = "../Supporting Files";
			sourceTree = "<group>";
		};
/* End PBXGroup section */

/* Begin PBXNativeTarget section */
		267DAF201BEAD6BC00134C07 /* IBUnfuck */ = {
			isa = PBXNativeTarget;
			buildConfigurationList = 267DAF351BEAD6BC00134C07 /* Build configuration list for PBXNativeTarget "IBUnfuck" */;
			buildPhases = (
				267DAF1D1BEAD6BC00134C07 /* Sources */,
				267DAF1E1BEAD6BC00134C07 /* Resources */,
				267DAF1F1BEAD6BC00134C07 /* Frameworks */,
			);
			buildRules = (
			);
			dependencies = (
			);
			name = IBUnfuck;
			productName = IBUnfuck;
			productReference = 267DAF211BEAD6BC00134C07 /* IBUnfuck.xcplugin */;
			productType = "com.apple.product-type.bundle";
		};
/* End PBXNativeTarget section */

/* Begin PBXProject section */
		267DAF191BEAD6BC00134C07 /* Project object */ = {
			isa = PBXProject;
			attributes = {
				LastUpgradeCheck = 0710;
				ORGANIZATIONNAME = Fz;
				TargetAttributes = {
					267DAF201BEAD6BC00134C07 = {
						CreatedOnToolsVersion = 7.1;
					};
				};
			};
			buildConfigurationList = 267DAF1C1BEAD6BC00134C07 /* Build configuration list for PBXProject "IBUnfuck" */;
			compatibilityVersion = "Xcode 3.2";
			developmentRegion = English;
			hasScannedForEncodings = 0;
			knownRegions = (
				en,
			);
			mainGroup = 267DAF181BEAD6BC00134C07;
			productRefGroup = 267DAF221BEAD6BC00134C07 /* Products */;
			projectDirPath = "";
			projectRoot = "";
			targets = (
				267DAF201BEAD6BC00134C07 /* IBUnfuck */,
			);
		};
/* End PBXProject section */

/* Begin PBXResourcesBuildPhase section */
		267DAF1E1BEAD6BC00134C07 /* Resources */ = {
			isa = PBXResourcesBuildPhase;
			buildActionMask = 2147483647;
			files = (
				267DAF2B1BEAD6BC00134C07 /* IBUnfuck.xcscheme in Resources */,
			);
			runOnlyForDeploymentPostprocessing = 0;
		};
/* End PBXResourcesBuildPhase section */

/* Begin PBXSourcesBuildPhase section */
		267DAF1D1BEAD6BC00134C07 /* Sources */ = {
			isa = PBXSourcesBuildPhase;
			buildActionMask = 2147483647;
			files = (
				267DAF3D1BEAD82100134C07 /* IBDocumentArchiver+IBUnfuck.m in Sources */,
				267DAF2E1BEAD6BC00134C07 /* IBUnfuck.m in Sources */,
				267DAF3A1BEAD79500134C07 /* JRSwizzle.m in Sources */,
			);
			runOnlyForDeploymentPostprocessing = 0;
		};
/* End PBXSourcesBuildPhase section */

/* Begin XCBuildConfiguration section */
		267DAF331BEAD6BC00134C07 /* Debug */ = {
			isa = XCBuildConfiguration;
			buildSettings = {
				ALWAYS_SEARCH_USER_PATHS = NO;
				CLANG_CXX_LANGUAGE_STANDARD = "gnu++0x";
				CLANG_CXX_LIBRARY = "libc++";
				CLANG_ENABLE_MODULES = YES;
				CLANG_ENABLE_OBJC_ARC = YES;
				CLANG_WARN_BOOL_CONVERSION = YES;
				CLANG_WARN_CONSTANT_CONVERSION = YES;
				CLANG_WARN_DIRECT_OBJC_ISA_USAGE = YES_ERROR;
				CLANG_WARN_EMPTY_BODY = YES;
				CLANG_WARN_ENUM_CONVERSION = YES;
				CLANG_WARN_INT_CONVERSION = YES;
				CLANG_WARN_OBJC_ROOT_CLASS = YES_ERROR;
				CLANG_WARN_UNREACHABLE_CODE = YES;
				CLANG_WARN__DUPLICATE_METHOD_MATCH = YES;
				COPY_PHASE_STRIP = NO;
				DEBUG_INFORMATION_FORMAT = dwarf;
				ENABLE_STRICT_OBJC_MSGSEND = YES;
				ENABLE_TESTABILITY = YES;
				GCC_C_LANGUAGE_STANDARD = gnu99;
				GCC_DYNAMIC_NO_PIC = NO;
				GCC_NO_COMMON_BLOCKS = YES;
				GCC_OPTIMIZATION_LEVEL = 0;
				GCC_PREPROCESSOR_DEFINITIONS = (
					"DEBUG=1",
					"$(inherited)",
				);
				GCC_WARN_64_TO_32_BIT_CONVERSION = YES;
				GCC_WARN_ABOUT_RETURN_TYPE = YES_ERROR;
				GCC_WARN_UNDECLARED_SELECTOR = YES;
				GCC_WARN_UNINITIALIZED_AUTOS = YES_AGGRESSIVE;
				GCC_WARN_UNUSED_FUNCTION = YES;
				GCC_WARN_UNUSED_VARIABLE = YES;
				MTL_ENABLE_DEBUG_INFO = YES;
				ONLY_ACTIVE_ARCH = YES;
			};
			name = Debug;
		};
		267DAF341BEAD6BC00134C07 /* Release */ = {
			isa = XCBuildConfiguration;
			buildSettings = {
				ALWAYS_SEARCH_USER_PATHS = NO;
				CLANG_CXX_LANGUAGE_STANDARD = "gnu++0x";
				CLANG_CXX_LIBRARY = "libc++";
				CLANG_ENABLE_MODULES = YES;
				CLANG_ENABLE_OBJC_ARC = YES;
				CLANG_WARN_BOOL_CONVERSION = YES;
				CLANG_WARN_CONSTANT_CONVERSION = YES;
				CLANG_WARN_DIRECT_OBJC_ISA_USAGE = YES_ERROR;
				CLANG_WARN_EMPTY_BODY = YES;
				CLANG_WARN_ENUM_CONVERSION = YES;
				CLANG_WARN_INT_CONVERSION = YES;
				CLANG_WARN_OBJC_ROOT_CLASS = YES_ERROR;
				CLANG_WARN_UNREACHABLE_CODE = YES;
				CLANG_WARN__DUPLICATE_METHOD_MATCH = YES;
				COPY_PHASE_STRIP = NO;
				DEBUG_INFORMATION_FORMAT = "dwarf-with-dsym";
				ENABLE_NS_ASSERTIONS = NO;
				ENABLE_STRICT_OBJC_MSGSEND = YES;
				GCC_C_LANGUAGE_STANDARD = gnu99;
				GCC_NO_COMMON_BLOCKS = YES;
				GCC_WARN_64_TO_32_BIT_CONVERSION = YES;
				GCC_WARN_ABOUT_RETURN_TYPE = YES_ERROR;
				GCC_WARN_UNDECLARED_SELECTOR = YES;
				GCC_WARN_UNINITIALIZED_AUTOS = YES_AGGRESSIVE;
				GCC_WARN_UNUSED_FUNCTION = YES;
				GCC_WARN_UNUSED_VARIABLE = YES;
				MTL_ENABLE_DEBUG_INFO = NO;
			};
			name = Release;
		};
		267DAF361BEAD6BC00134C07 /* Debug */ = {
			isa = XCBuildConfiguration;
			buildSettings = {
				COMBINE_HIDPI_IMAGES = YES;
				DEPLOYMENT_LOCATION = YES;
				DSTROOT = "$(HOME)";
				FRAMEWORK_SEARCH_PATHS = (
					"$(SYSTEM_APPS_DIR)/Xcode.app/Contents/Frameworks",
					"$(SYSTEM_APPS_DIR)/Xcode.app/Contents/SharedFrameworks",
				);
				INFOPLIST_FILE = "IBUnfuck/Supporting Files/Info.plist";
				INSTALL_PATH = "/Library/Application Support/Developer/Shared/Xcode/Plug-ins";
				MACOSX_DEPLOYMENT_TARGET = 10.11;
				PRODUCT_BUNDLE_IDENTIFIER = io.fzed.IBUnfuck;
				PRODUCT_NAME = "$(TARGET_NAME)";
				WRAPPER_EXTENSION = xcplugin;
			};
			name = Debug;
		};
		267DAF371BEAD6BC00134C07 /* Release */ = {
			isa = XCBuildConfiguration;
			buildSettings = {
				COMBINE_HIDPI_IMAGES = YES;
				DEPLOYMENT_LOCATION = YES;
				DSTROOT = "$(HOME)";
				FRAMEWORK_SEARCH_PATHS = (
					"$(SYSTEM_APPS_DIR)/Xcode.app/Contents/Frameworks",
					"$(SYSTEM_APPS_DIR)/Xcode.app/Contents/SharedFrameworks",
				);
				INFOPLIST_FILE = "IBUnfuck/Supporting Files/Info.plist";
				INSTALL_PATH = "/Library/Application Support/Developer/Shared/Xcode/Plug-ins";
				MACOSX_DEPLOYMENT_TARGET = 10.11;
				PRODUCT_BUNDLE_IDENTIFIER = io.fzed.IBUnfuck;
				PRODUCT_NAME = "$(TARGET_NAME)";
				WRAPPER_EXTENSION = xcplugin;
			};
			name = Release;
		};
/* End XCBuildConfiguration section */

/* Begin XCConfigurationList section */
		267DAF1C1BEAD6BC00134C07 /* Build configuration list for PBXProject "IBUnfuck" */ = {
			isa = XCConfigurationList;
			buildConfigurations = (
				267DAF331BEAD6BC00134C07 /* Debug */,
				267DAF341BEAD6BC00134C07 /* Release */,
			);
			defaultConfigurationIsVisible = 0;
			defaultConfigurationName = Release;
		};
		267DAF351BEAD6BC00134C07 /* Build configuration list for PBXNativeTarget "IBUnfuck" */ = {
			isa = XCConfigurationList;
			buildConfigurations = (
				267DAF361BEAD6BC00134C07 /* Debug */,
				267DAF371BEAD6BC00134C07 /* Release */,
			);
			defaultConfigurationIsVisible = 0;
			defaultConfigurationName = Release;
		};
/* End XCConfigurationList section */
	};
	rootObject = 267DAF191BEAD6BC00134C07 /* Project object */;
}
